
Microsoft Visual Studio Solution File, Format Version 12.00
# Visual Studio Version 16
VisualStudioVersion = 16.0.29009.5
MinimumVisualStudioVersion = 10.0.40219.1
Project("{FAE04EC0-301F-11D3-BF4B-00C04F79EFBC}") = "MoteurDeBatailleNavale", "MoteurDeBatailleNavale\MoteurDeBatailleNavale.csproj", "{1905AF62-92E6-46D3-8469-85786FFE4C6A}"
EndProject
Project("{FAE04EC0-301F-11D3-BF4B-00C04F79EFBC}") = "TestsDuMoteurDeBatailleNavale", "TestsDuMoteurDeBatailleNavale\TestsDuMoteurDeBatailleNavale.csproj", "{1B2C9DB7-2256-456C-96FB-90ADA0B53618}"
EndProject
Project("{FAE04EC0-301F-11D3-BF4B-00C04F79EFBC}") = "JouerUnePartieDeBatailleNavale", "JouerUnePartieDeBatailleNavale\JouerUnePartieDeBatailleNavale.csproj", "{9DD93238-39E3-43D2-A955-B3C1EB2EBCC2}"
EndProject
Global
	GlobalSection(SolutionConfigurationPlatforms) = preSolution
		Debug|Any CPU = Debug|Any CPU
		Release|Any CPU = Release|Any CPU
	EndGlobalSection
	GlobalSection(ProjectConfigurationPlatforms) = postSolution
		{1905AF62-92E6-46D3-8469-85786FFE4C6A}.Debug|Any CPU.ActiveCfg = Debug|Any CPU
		{1905AF62-92E6-46D3-8469-85786FFE4C6A}.Debug|Any CPU.Build.0 = Debug|Any CPU
		{1905AF62-92E6-46D3-8469-85786FFE4C6A}.Release|Any CPU.ActiveCfg = Release|Any CPU
		{1905AF62-92E6-46D3-8469-85786FFE4C6A}.Release|Any CPU.Build.0 = Release|Any CPU
		{1B2C9DB7-2256-456C-96FB-90ADA0B53618}.Debug|Any CPU.ActiveCfg = Debug|Any CPU
		{1B2C9DB7-2256-456C-96FB-90ADA0B53618}.Debug|Any CPU.Build.0 = Debug|Any CPU
		{1B2C9DB7-2256-456C-96FB-90ADA0B53618}.Release|Any CPU.ActiveCfg = Release|Any CPU
		{1B2C9DB7-2256-456C-96FB-90ADA0B53618}.Release|Any CPU.Build.0 = Release|Any CPU
		{9DD93238-39E3-43D2-A955-B3C1EB2EBCC2}.Debug|Any CPU.ActiveCfg = Debug|Any CPU
		{9DD93238-39E3-43D2-A955-B3C1EB2EBCC2}.Debug|Any CPU.Build.0 = Debug|Any CPU
		{9DD93238-39E3-43D2-A955-B3C1EB2EBCC2}.Release|Any CPU.ActiveCfg = Release|Any CPU
		{9DD93238-39E3-43D2-A955-B3C1EB2EBCC2}.Release|Any CPU.Build.0 = Release|Any CPU
	EndGlobalSection
	GlobalSection(SolutionProperties) = preSolution
		HideSolutionNode = FALSE
	EndGlobalSection
	GlobalSection(ExtensibilityGlobals) = postSolution
		SolutionGuid = {3F25260B-9605-457B-8825-B86A3CFFD486}
	EndGlobalSection
EndGlobal
